
Microsoft Visual Studio Solution File, Format Version 12.00
# Visual Studio Version 17
VisualStudioVersion = 17.10.35027.167
MinimumVisualStudioVersion = 10.0.40219.1
Project("{FAE04EC0-301F-11D3-BF4B-00C04F79EFBC}") = "WPF_Example_GridSpliter", "WPF_Example_GridSpliter\WPF_Example_GridSpliter.csproj", "{87AC90A9-ACCA-43C7-A7C9-FADF4CA4F2F3}"
EndProject
Global
	GlobalSection(SolutionConfigurationPlatforms) = preSolution
		Debug|Any CPU = Debug|Any CPU
		Release|Any CPU = Release|Any CPU
	EndGlobalSection
	GlobalSection(ProjectConfigurationPlatforms) = postSolution
		{87AC90A9-ACCA-43C7-A7C9-FADF4CA4F2F3}.Debug|Any CPU.ActiveCfg = Debug|Any CPU
		{87AC90A9-ACCA-43C7-A7C9-FADF4CA4F2F3}.Debug|Any CPU.Build.0 = Debug|Any CPU
		{87AC90A9-ACCA-43C7-A7C9-FADF4CA4F2F3}.Release|Any CPU.ActiveCfg = Release|Any CPU
		{87AC90A9-ACCA-43C7-A7C9-FADF4CA4F2F3}.Release|Any CPU.Build.0 = Release|Any CPU
	EndGlobalSection
	GlobalSection(SolutionProperties) = preSolution
		HideSolutionNode = FALSE
	EndGlobalSection
	GlobalSection(ExtensibilityGlobals) = postSolution
		SolutionGuid = {1E55E194-098E-4C15-AF36-B08B287E900E}
	EndGlobalSection
EndGlobal
